
Microsoft Visual Studio Solution File, Format Version 12.00
# Visual Studio 15
VisualStudioVersion = 15.0.28307.1259
MinimumVisualStudioVersion = 10.0.40219.1
Project("{FAE04EC0-301F-11D3-BF4B-00C04F79EFBC}") = "Masivdinam", "ConsoleApp1\Masivdinam.csproj", "{058AD5C3-DE56-4EF6-9BD4-AA02336169E2}"
EndProject
Global
	GlobalSection(SolutionConfigurationPlatforms) = preSolution
		Debug|Any CPU = Debug|Any CPU
		Release|Any CPU = Release|Any CPU
	EndGlobalSection
	GlobalSection(ProjectConfigurationPlatforms) = postSolution
		{058AD5C3-DE56-4EF6-9BD4-AA02336169E2}.Debug|Any CPU.ActiveCfg = Debug|Any CPU
		{058AD5C3-DE56-4EF6-9BD4-AA02336169E2}.Debug|Any CPU.Build.0 = Debug|Any CPU
		{058AD5C3-DE56-4EF6-9BD4-AA02336169E2}.Release|Any CPU.ActiveCfg = Release|Any CPU
		{058AD5C3-DE56-4EF6-9BD4-AA02336169E2}.Release|Any CPU.Build.0 = Release|Any CPU
	EndGlobalSection
	GlobalSection(SolutionProperties) = preSolution
		HideSolutionNode = FALSE
	EndGlobalSection
	GlobalSection(ExtensibilityGlobals) = postSolution
		SolutionGuid = {6813D0FC-9F47-41A0-AEED-46A6B1DADC39}
	EndGlobalSection
EndGlobal
